
Microsoft Visual Studio Solution File, Format Version 12.00
# Visual Studio Version 17
VisualStudioVersion = 17.13.35806.99 d17.13
MinimumVisualStudioVersion = 10.0.40219.1
Project("{FAE04EC0-301F-11D3-BF4B-00C04F79EFBC}") = "HerreraR - ORMclaseBaseDatos", "HerreraR - ORMclaseBaseDatos\HerreraR - ORMclaseBaseDatos.csproj", "{FCA9EE5A-63E1-4C09-8A67-F8C6FC8AD892}"
EndProject
Global
	GlobalSection(SolutionConfigurationPlatforms) = preSolution
		Debug|Any CPU = Debug|Any CPU
		Release|Any CPU = Release|Any CPU
	EndGlobalSection
	GlobalSection(ProjectConfigurationPlatforms) = postSolution
		{FCA9EE5A-63E1-4C09-8A67-F8C6FC8AD892}.Debug|Any CPU.ActiveCfg = Debug|Any CPU
		{FCA9EE5A-63E1-4C09-8A67-F8C6FC8AD892}.Debug|Any CPU.Build.0 = Debug|Any CPU
		{FCA9EE5A-63E1-4C09-8A67-F8C6FC8AD892}.Release|Any CPU.ActiveCfg = Release|Any CPU
		{FCA9EE5A-63E1-4C09-8A67-F8C6FC8AD892}.Release|Any CPU.Build.0 = Release|Any CPU
	EndGlobalSection
	GlobalSection(SolutionProperties) = preSolution
		HideSolutionNode = FALSE
	EndGlobalSection
	GlobalSection(ExtensibilityGlobals) = postSolution
		SolutionGuid = {8A6BC1A7-534F-4B8F-80EA-3B24A63B7719}
	EndGlobalSection
EndGlobal
